
Microsoft Visual Studio Solution File, Format Version 12.00
# Visual Studio Version 16
VisualStudioVersion = 16.0.30011.22
MinimumVisualStudioVersion = 10.0.40219.1
Project("{FAE04EC0-301F-11D3-BF4B-00C04F79EFBC}") = "BlazingTwistConfigTools", "BlazingTwistConfigTools.csproj", "{703335D4-F52E-4899-9E97-C4404D82AEB7}"
EndProject
Project("{FAE04EC0-301F-11D3-BF4B-00C04F79EFBC}") = "BlazingTwistConfigToolsTest", "BlazingTwistConfigToolsTest\BlazingTwistConfigToolsTest.csproj", "{F7A81664-59C8-4405-A560-85CBC2E1FD03}"
EndProject
Global
	GlobalSection(SolutionConfigurationPlatforms) = preSolution
		Debug|Any CPU = Debug|Any CPU
		Release|Any CPU = Release|Any CPU
	EndGlobalSection
	GlobalSection(ProjectConfigurationPlatforms) = postSolution
		{703335D4-F52E-4899-9E97-C4404D82AEB7}.Debug|Any CPU.ActiveCfg = Debug|Any CPU
		{703335D4-F52E-4899-9E97-C4404D82AEB7}.Debug|Any CPU.Build.0 = Debug|Any CPU
		{703335D4-F52E-4899-9E97-C4404D82AEB7}.Release|Any CPU.ActiveCfg = Release|Any CPU
		{703335D4-F52E-4899-9E97-C4404D82AEB7}.Release|Any CPU.Build.0 = Release|Any CPU
		{F7A81664-59C8-4405-A560-85CBC2E1FD03}.Debug|Any CPU.ActiveCfg = Debug|Any CPU
		{F7A81664-59C8-4405-A560-85CBC2E1FD03}.Debug|Any CPU.Build.0 = Debug|Any CPU
		{F7A81664-59C8-4405-A560-85CBC2E1FD03}.Release|Any CPU.ActiveCfg = Release|Any CPU
		{F7A81664-59C8-4405-A560-85CBC2E1FD03}.Release|Any CPU.Build.0 = Release|Any CPU
	EndGlobalSection
	GlobalSection(SolutionProperties) = preSolution
		HideSolutionNode = FALSE
	EndGlobalSection
	GlobalSection(ExtensibilityGlobals) = postSolution
		SolutionGuid = {E00D0645-55FD-4870-8564-ACB0F60F52A0}
	EndGlobalSection
EndGlobal
